// !$*UTF8*$!
{
	archiveVersion = 1;
	classes = {
	};
	objectVersion = 46;
	objects = {

/* Begin PBXBuildFile section */
		6526DDDE1A9E56DB000A9BC4 /* simple_hallway0_canny.png in Resources */ = {isa = PBXBuildFile; fileRef = 6526DDDD1A9E56DB000A9BC4 /* simple_hallway0_canny.png */; };
		6526DDDF1A9E56DB000A9BC4 /* simple_hallway0_canny.png in Resources */ = {isa = PBXBuildFile; fileRef = 6526DDDD1A9E56DB000A9BC4 /* simple_hallway0_canny.png */; };
		6526DDE01A9E56DB000A9BC4 /* simple_hallway0_canny.png in Resources */ = {isa = PBXBuildFile; fileRef = 6526DDDD1A9E56DB000A9BC4 /* simple_hallway0_canny.png */; };
		6526DDE21A9E5EEB000A9BC4 /* OpenCVBridgeTests.mm in Sources */ = {isa = PBXBuildFile; fileRef = 6526DDE11A9E5EEB000A9BC4 /* OpenCVBridgeTests.mm */; };
		652858FB1AA7E3980088FAB8 /* Cluster.swift in Sources */ = {isa = PBXBuildFile; fileRef = 652858FA1AA7E3980088FAB8 /* Cluster.swift */; };
		652858FC1AA7E3980088FAB8 /* Cluster.swift in Sources */ = {isa = PBXBuildFile; fileRef = 652858FA1AA7E3980088FAB8 /* Cluster.swift */; };
		652858FD1AA7E3980088FAB8 /* Cluster.swift in Sources */ = {isa = PBXBuildFile; fileRef = 652858FA1AA7E3980088FAB8 /* Cluster.swift */; };
		652858FF1AA7EA170088FAB8 /* ClusterTests.swift in Sources */ = {isa = PBXBuildFile; fileRef = 652858FE1AA7EA170088FAB8 /* ClusterTests.swift */; };
		652DC1A11A9E458E00B96CC2 /* Constant.swift in Sources */ = {isa = PBXBuildFile; fileRef = 652DC1A01A9E458E00B96CC2 /* Constant.swift */; };
		652DC1A41A9E4F9200B96CC2 /* Frame.swift in Sources */ = {isa = PBXBuildFile; fileRef = 65FF0AA61A96559500B983AC /* Frame.swift */; };
		652DC1A51A9E4F9300B96CC2 /* Frame.swift in Sources */ = {isa = PBXBuildFile; fileRef = 65FF0AA61A96559500B983AC /* Frame.swift */; };
		652DC1A61A9E4F9D00B96CC2 /* Constant.swift in Sources */ = {isa = PBXBuildFile; fileRef = 652DC1A01A9E458E00B96CC2 /* Constant.swift */; };
		652DC1A71A9E4F9D00B96CC2 /* Constant.swift in Sources */ = {isa = PBXBuildFile; fileRef = 652DC1A01A9E458E00B96CC2 /* Constant.swift */; };
		652DC1A81A9E4FA100B96CC2 /* OpenCVBridge.mm in Sources */ = {isa = PBXBuildFile; fileRef = 65738D9A1A9C13FC00501DFF /* OpenCVBridge.mm */; };
		652DC1A91A9E4FA200B96CC2 /* OpenCVBridge.mm in Sources */ = {isa = PBXBuildFile; fileRef = 65738D9A1A9C13FC00501DFF /* OpenCVBridge.mm */; };
		6538B7CF1AA78951005F054E /* Utility.swift in Sources */ = {isa = PBXBuildFile; fileRef = 6538B7CE1AA78951005F054E /* Utility.swift */; };
		6538B7D01AA78951005F054E /* Utility.swift in Sources */ = {isa = PBXBuildFile; fileRef = 6538B7CE1AA78951005F054E /* Utility.swift */; };
		6538B7D11AA78951005F054E /* Utility.swift in Sources */ = {isa = PBXBuildFile; fileRef = 6538B7CE1AA78951005F054E /* Utility.swift */; };
		65427FB21A9BC7DC007F5A78 /* FrameTests.swift in Sources */ = {isa = PBXBuildFile; fileRef = 65427FB01A9BC7DC007F5A78 /* FrameTests.swift */; };
		656841611AC34D59001CE446 /* ImageProcessingTests.swift in Sources */ = {isa = PBXBuildFile; fileRef = 656841601AC34D59001CE446 /* ImageProcessingTests.swift */; };
		65738D981A9C119300501DFF /* opencv2.framework in Frameworks */ = {isa = PBXBuildFile; fileRef = 65738D971A9C119300501DFF /* opencv2.framework */; };
		65738D991A9C11A700501DFF /* opencv2.framework in Frameworks */ = {isa = PBXBuildFile; fileRef = 65738D971A9C119300501DFF /* opencv2.framework */; settings = {ATTRIBUTES = (Required, ); }; };
		65738D9B1A9C13FC00501DFF /* OpenCVBridge.mm in Sources */ = {isa = PBXBuildFile; fileRef = 65738D9A1A9C13FC00501DFF /* OpenCVBridge.mm */; };
		658A7FCB1A7BFEFF00832AE3 /* ViewController.swift in Sources */ = {isa = PBXBuildFile; fileRef = B6200DB904BE796D189E21B5 /* ViewController.swift */; };
		658D2FB61ABB591600C0189F /* LinearAlgebraTests.swift in Sources */ = {isa = PBXBuildFile; fileRef = 658D2FB51ABB591600C0189F /* LinearAlgebraTests.swift */; };
		658D2FB81ABB5AB400C0189F /* LinearAlgebra.swift in Sources */ = {isa = PBXBuildFile; fileRef = 658D2FB71ABB5AB400C0189F /* LinearAlgebra.swift */; };
		658D2FB91ABB5AB400C0189F /* LinearAlgebra.swift in Sources */ = {isa = PBXBuildFile; fileRef = 658D2FB71ABB5AB400C0189F /* LinearAlgebra.swift */; };
		658D2FBA1ABB5AB400C0189F /* LinearAlgebra.swift in Sources */ = {isa = PBXBuildFile; fileRef = 658D2FB71ABB5AB400C0189F /* LinearAlgebra.swift */; };
		6590B2C41A9508E3000F5194 /* simple_hallway0.png in Resources */ = {isa = PBXBuildFile; fileRef = 65C6F2071A93F7EF006AF8A0 /* simple_hallway0.png */; };
		6590B2C51A9508E3000F5194 /* simple_hallway1.png in Resources */ = {isa = PBXBuildFile; fileRef = 65C6F2081A93F7EF006AF8A0 /* simple_hallway1.png */; };
		6590B2C61A9508E3000F5194 /* simple_hallway2.png in Resources */ = {isa = PBXBuildFile; fileRef = 65C6F2091A93F7EF006AF8A0 /* simple_hallway2.png */; };
		65B017A41AA0C4880022093A /* GeometryTests.swift in Sources */ = {isa = PBXBuildFile; fileRef = 65B017A21AA0C4430022093A /* GeometryTests.swift */; };
		65B017A61AA0CB040022093A /* Math.swift in Sources */ = {isa = PBXBuildFile; fileRef = 65B017A51AA0CB040022093A /* Math.swift */; };
		65B017A81AA0CB4D0022093A /* MathTests.swift in Sources */ = {isa = PBXBuildFile; fileRef = 65B017A71AA0CB4D0022093A /* MathTests.swift */; };
		65B017A91AA0CBE70022093A /* Math.swift in Sources */ = {isa = PBXBuildFile; fileRef = 65B017A51AA0CB040022093A /* Math.swift */; };
		65B017AA1AA0CBE70022093A /* Math.swift in Sources */ = {isa = PBXBuildFile; fileRef = 65B017A51AA0CB040022093A /* Math.swift */; };
		65BA168F1A9C1C500074E7E0 /* opencv2.framework in Frameworks */ = {isa = PBXBuildFile; fileRef = 65738D971A9C119300501DFF /* opencv2.framework */; };
		65BA16941A9C267E0074E7E0 /* CoreGraphics.framework in Frameworks */ = {isa = PBXBuildFile; fileRef = 65BA16931A9C267E0074E7E0 /* CoreGraphics.framework */; };
		65C6F20A1A93F7EF006AF8A0 /* simple_hallway0.png in Resources */ = {isa = PBXBuildFile; fileRef = 65C6F2071A93F7EF006AF8A0 /* simple_hallway0.png */; };
		65C6F20B1A93F7EF006AF8A0 /* simple_hallway1.png in Resources */ = {isa = PBXBuildFile; fileRef = 65C6F2081A93F7EF006AF8A0 /* simple_hallway1.png */; };
		65C6F20C1A93F7EF006AF8A0 /* simple_hallway2.png in Resources */ = {isa = PBXBuildFile; fileRef = 65C6F2091A93F7EF006AF8A0 /* simple_hallway2.png */; };
		65CD083D1A84309900F69CEE /* InterfaceTests.swift in Sources */ = {isa = PBXBuildFile; fileRef = B6200BF2B496B369A4145471 /* InterfaceTests.swift */; };
		65CD083F1A84315300F69CEE /* ViewController.swift in Sources */ = {isa = PBXBuildFile; fileRef = B6200DB904BE796D189E21B5 /* ViewController.swift */; };
		65EC737D1AB9F884002AB067 /* simple_hallway3.png in Resources */ = {isa = PBXBuildFile; fileRef = 65EC737C1AB9F884002AB067 /* simple_hallway3.png */; };
		65EC737E1AB9F884002AB067 /* simple_hallway3.png in Resources */ = {isa = PBXBuildFile; fileRef = 65EC737C1AB9F884002AB067 /* simple_hallway3.png */; };
		65FC0E821AC495E800C7E2AD /* TestConstant.swift in Sources */ = {isa = PBXBuildFile; fileRef = 65FC0E811AC495E800C7E2AD /* TestConstant.swift */; };
		65FC0E831AC495E800C7E2AD /* TestConstant.swift in Sources */ = {isa = PBXBuildFile; fileRef = 65FC0E811AC495E800C7E2AD /* TestConstant.swift */; };
		65FF0AA71A96559500B983AC /* Frame.swift in Sources */ = {isa = PBXBuildFile; fileRef = 65FF0AA61A96559500B983AC /* Frame.swift */; };
		65FF0AAB1A9661B000B983AC /* Geometry.swift in Sources */ = {isa = PBXBuildFile; fileRef = 65FF0AAA1A9661B000B983AC /* Geometry.swift */; };
		65FF0AAC1A9661B000B983AC /* Geometry.swift in Sources */ = {isa = PBXBuildFile; fileRef = 65FF0AAA1A9661B000B983AC /* Geometry.swift */; };
		65FF0AAD1A9661B000B983AC /* Geometry.swift in Sources */ = {isa = PBXBuildFile; fileRef = 65FF0AAA1A9661B000B983AC /* Geometry.swift */; };
		B620003612EA658256A2119D /* Images.xcassets in Resources */ = {isa = PBXBuildFile; fileRef = B6200F24372FD8407AB7118E /* Images.xcassets */; };
		B6200185884840BD8BFD0145 /* Main.storyboard in Resources */ = {isa = PBXBuildFile; fileRef = B6200B18786B645286082EA7 /* Main.storyboard */; };
		B62007070CD5A95E8359074B /* ViewController.swift in Sources */ = {isa = PBXBuildFile; fileRef = B6200DB904BE796D189E21B5 /* ViewController.swift */; };
		B6200950244C6451453DB08A /* LaunchScreen.xib in Resources */ = {isa = PBXBuildFile; fileRef = B6200D7735068F0AA299859A /* LaunchScreen.xib */; };
		B6200C5476A53A6A9F1B3556 /* AppDelegate.swift in Sources */ = {isa = PBXBuildFile; fileRef = B62002C8114BEC1EF53BED8C /* AppDelegate.swift */; };
		B6200F13CAE9D8D558DAD44D /* ViewControllerTests.swift in Sources */ = {isa = PBXBuildFile; fileRef = B62006905443123CF96317F0 /* ViewControllerTests.swift */; };
/* End PBXBuildFile section */

/* Begin PBXContainerItemProxy section */
		65CD08381A84307900F69CEE /* PBXContainerItemProxy */ = {
			isa = PBXContainerItemProxy;
			containerPortal = B620087EE76C30476EA1668B /* Project object */;
			proxyType = 1;
			remoteGlobalIDString = B620039F149C03CAA0AAB734;
			remoteInfo = Corridor;
		};
		B6200A5E4A3F9F02B386CF0D /* PBXContainerItemProxy */ = {
			isa = PBXContainerItemProxy;
			containerPortal = B620087EE76C30476EA1668B /* Project object */;
			proxyType = 1;
			remoteGlobalIDString = B620039F149C03CAA0AAB734;
			remoteInfo = Corridor;
		};
/* End PBXContainerItemProxy section */

/* Begin PBXFileReference section */
		6526DDDD1A9E56DB000A9BC4 /* simple_hallway0_canny.png */ = {isa = PBXFileReference; lastKnownFileType = image.png; path = simple_hallway0_canny.png; sourceTree = "<group>"; };
		6526DDE11A9E5EEB000A9BC4 /* OpenCVBridgeTests.mm */ = {isa = PBXFileReference; fileEncoding = 4; lastKnownFileType = sourcecode.cpp.objcpp; path = OpenCVBridgeTests.mm; sourceTree = "<group>"; };
		652858FA1AA7E3980088FAB8 /* Cluster.swift */ = {isa = PBXFileReference; fileEncoding = 4; lastKnownFileType = sourcecode.swift; path = Cluster.swift; sourceTree = "<group>"; };
		652858FE1AA7EA170088FAB8 /* ClusterTests.swift */ = {isa = PBXFileReference; fileEncoding = 4; lastKnownFileType = sourcecode.swift; path = ClusterTests.swift; sourceTree = "<group>"; };
		652DC1A01A9E458E00B96CC2 /* Constant.swift */ = {isa = PBXFileReference; fileEncoding = 4; lastKnownFileType = sourcecode.swift; path = Constant.swift; sourceTree = "<group>"; };
		6538B7CE1AA78951005F054E /* Utility.swift */ = {isa = PBXFileReference; fileEncoding = 4; lastKnownFileType = sourcecode.swift; path = Utility.swift; sourceTree = "<group>"; };
		65427FB01A9BC7DC007F5A78 /* FrameTests.swift */ = {isa = PBXFileReference; fileEncoding = 4; lastKnownFileType = sourcecode.swift; path = FrameTests.swift; sourceTree = "<group>"; };
		65427FB61A9BD4AE007F5A78 /* Corridor-Bridging-Header.h */ = {isa = PBXFileReference; lastKnownFileType = sourcecode.c.h; path = "Corridor-Bridging-Header.h"; sourceTree = "<group>"; };
		656841601AC34D59001CE446 /* ImageProcessingTests.swift */ = {isa = PBXFileReference; fileEncoding = 4; lastKnownFileType = sourcecode.swift; path = ImageProcessingTests.swift; sourceTree = "<group>"; };
		65738D971A9C119300501DFF /* opencv2.framework */ = {isa = PBXFileReference; lastKnownFileType = wrapper.framework; name = opencv2.framework; path = ../../3rdparty/OpenCV/opencv2.framework; sourceTree = "<group>"; };
		65738D9A1A9C13FC00501DFF /* OpenCVBridge.mm */ = {isa = PBXFileReference; fileEncoding = 4; lastKnownFileType = sourcecode.cpp.objcpp; path = OpenCVBridge.mm; sourceTree = "<group>"; };
		65738D9D1A9C141E00501DFF /* OpenCVBridge.h */ = {isa = PBXFileReference; lastKnownFileType = sourcecode.c.h; path = OpenCVBridge.h; sourceTree = "<group>"; };
		658D2FB51ABB591600C0189F /* LinearAlgebraTests.swift */ = {isa = PBXFileReference; fileEncoding = 4; lastKnownFileType = sourcecode.swift; path = LinearAlgebraTests.swift; sourceTree = "<group>"; };
		658D2FB71ABB5AB400C0189F /* LinearAlgebra.swift */ = {isa = PBXFileReference; fileEncoding = 4; lastKnownFileType = sourcecode.swift; path = LinearAlgebra.swift; sourceTree = "<group>"; };
		65B017A21AA0C4430022093A /* GeometryTests.swift */ = {isa = PBXFileReference; fileEncoding = 4; lastKnownFileType = sourcecode.swift; path = GeometryTests.swift; sourceTree = "<group>"; };
		65B017A51AA0CB040022093A /* Math.swift */ = {isa = PBXFileReference; fileEncoding = 4; lastKnownFileType = sourcecode.swift; path = Math.swift; sourceTree = "<group>"; };
		65B017A71AA0CB4D0022093A /* MathTests.swift */ = {isa = PBXFileReference; fileEncoding = 4; lastKnownFileType = sourcecode.swift; path = MathTests.swift; sourceTree = "<group>"; };
		65BA16931A9C267E0074E7E0 /* CoreGraphics.framework */ = {isa = PBXFileReference; lastKnownFileType = wrapper.framework; name = CoreGraphics.framework; path = System/Library/Frameworks/CoreGraphics.framework; sourceTree = SDKROOT; };
		65C6F2071A93F7EF006AF8A0 /* simple_hallway0.png */ = {isa = PBXFileReference; lastKnownFileType = image.png; path = simple_hallway0.png; sourceTree = "<group>"; };
		65C6F2081A93F7EF006AF8A0 /* simple_hallway1.png */ = {isa = PBXFileReference; lastKnownFileType = image.png; path = simple_hallway1.png; sourceTree = "<group>"; };
		65C6F2091A93F7EF006AF8A0 /* simple_hallway2.png */ = {isa = PBXFileReference; lastKnownFileType = image.png; path = simple_hallway2.png; sourceTree = "<group>"; };
		65CD08321A84307900F69CEE /* FunctionalTests.xctest */ = {isa = PBXFileReference; explicitFileType = wrapper.cfbundle; includeInIndex = 0; path = FunctionalTests.xctest; sourceTree = BUILT_PRODUCTS_DIR; };
		65CD08351A84307900F69CEE /* Info.plist */ = {isa = PBXFileReference; lastKnownFileType = text.plist.xml; path = Info.plist; sourceTree = "<group>"; };
		65EC737C1AB9F884002AB067 /* simple_hallway3.png */ = {isa = PBXFileReference; lastKnownFileType = image.png; path = simple_hallway3.png; sourceTree = "<group>"; };
		65FC0E811AC495E800C7E2AD /* TestConstant.swift */ = {isa = PBXFileReference; fileEncoding = 4; lastKnownFileType = sourcecode.swift; path = TestConstant.swift; sourceTree = "<group>"; };
		65FF0AA61A96559500B983AC /* Frame.swift */ = {isa = PBXFileReference; fileEncoding = 4; lastKnownFileType = sourcecode.swift; path = Frame.swift; sourceTree = "<group>"; };
		65FF0AAA1A9661B000B983AC /* Geometry.swift */ = {isa = PBXFileReference; fileEncoding = 4; lastKnownFileType = sourcecode.swift; path = Geometry.swift; sourceTree = "<group>"; };
		B620000B1787A71C58E5D7DC /* UnitTests.xctest */ = {isa = PBXFileReference; explicitFileType = wrapper.cfbundle; includeInIndex = 0; path = UnitTests.xctest; sourceTree = BUILT_PRODUCTS_DIR; };
		B62001DAA6F7897D86767429 /* Base */ = {isa = PBXFileReference; lastKnownFileType = file.xib; name = Base; path = Base.lproj/LaunchScreen.xib; sourceTree = "<group>"; };
		B62002C8114BEC1EF53BED8C /* AppDelegate.swift */ = {isa = PBXFileReference; lastKnownFileType = sourcecode.swift; path = AppDelegate.swift; sourceTree = "<group>"; };
		B6200497E7633BCBDB19E89F /* Info.plist */ = {isa = PBXFileReference; lastKnownFileType = text.plist.info; path = Info.plist; sourceTree = "<group>"; };
		B62005C1D4ABEC6AFB8019A3 /* Corridor.app */ = {isa = PBXFileReference; explicitFileType = wrapper.application; includeInIndex = 0; path = Corridor.app; sourceTree = BUILT_PRODUCTS_DIR; };
		B62006905443123CF96317F0 /* ViewControllerTests.swift */ = {isa = PBXFileReference; lastKnownFileType = sourcecode.swift; path = ViewControllerTests.swift; sourceTree = "<group>"; };
		B6200BDE46FE292FC51AD57C /* Base */ = {isa = PBXFileReference; lastKnownFileType = file.storyboard; name = Base; path = Base.lproj/Main.storyboard; sourceTree = "<group>"; };
		B6200BF2B496B369A4145471 /* InterfaceTests.swift */ = {isa = PBXFileReference; fileEncoding = 4; lastKnownFileType = sourcecode.swift; name = InterfaceTests.swift; path = ../CorridorTests/InterfaceTests.swift; sourceTree = "<group>"; };
		B6200C4532A56D1612549784 /* Info.plist */ = {isa = PBXFileReference; lastKnownFileType = text.plist.info; path = Info.plist; sourceTree = "<group>"; };
		B6200DB904BE796D189E21B5 /* ViewController.swift */ = {isa = PBXFileReference; lastKnownFileType = sourcecode.swift; path = ViewController.swift; sourceTree = "<group>"; };
		B6200F24372FD8407AB7118E /* Images.xcassets */ = {isa = PBXFileReference; lastKnownFileType = folder.assetcatalog; path = Images.xcassets; sourceTree = "<group>"; };
/* End PBXFileReference section */

/* Begin PBXFrameworksBuildPhase section */
		65CD082F1A84307900F69CEE /* Frameworks */ = {
			isa = PBXFrameworksBuildPhase;
			buildActionMask = 2147483647;
			files = (
				65BA168F1A9C1C500074E7E0 /* opencv2.framework in Frameworks */,
			);
			runOnlyForDeploymentPostprocessing = 0;
		};
		B6200017BF44A562FBB65EEC /* Frameworks */ = {
			isa = PBXFrameworksBuildPhase;
			buildActionMask = 2147483647;
			files = (
				65BA16941A9C267E0074E7E0 /* CoreGraphics.framework in Frameworks */,
				65738D981A9C119300501DFF /* opencv2.framework in Frameworks */,
			);
			runOnlyForDeploymentPostprocessing = 0;
		};
		B620041284E6283AF557866E /* Frameworks */ = {
			isa = PBXFrameworksBuildPhase;
			buildActionMask = 2147483647;
			files = (
				65738D991A9C11A700501DFF /* opencv2.framework in Frameworks */,
			);
			runOnlyForDeploymentPostprocessing = 0;
		};
/* End PBXFrameworksBuildPhase section */

/* Begin PBXGroup section */
		6526DDE41A9E77BD000A9BC4 /* Frameworks */ = {
			isa = PBXGroup;
			children = (
				65738D971A9C119300501DFF /* opencv2.framework */,
				65BA16931A9C267E0074E7E0 /* CoreGraphics.framework */,
			);
			name = Frameworks;
			sourceTree = "<group>";
		};
		65427FB31A9BD3BD007F5A78 /* OpenCVBridge */ = {
			isa = PBXGroup;
			children = (
				65427FB61A9BD4AE007F5A78 /* Corridor-Bridging-Header.h */,
				65738D9A1A9C13FC00501DFF /* OpenCVBridge.mm */,
				65738D9D1A9C141E00501DFF /* OpenCVBridge.h */,
			);
			name = OpenCVBridge;
			sourceTree = "<group>";
		};
		6590B2C71A9508FC000F5194 /* Test Supporting Files */ = {
			isa = PBXGroup;
			children = (
				6526DDDD1A9E56DB000A9BC4 /* simple_hallway0_canny.png */,
				65C6F2071A93F7EF006AF8A0 /* simple_hallway0.png */,
				65C6F2081A93F7EF006AF8A0 /* simple_hallway1.png */,
				65C6F2091A93F7EF006AF8A0 /* simple_hallway2.png */,
				65EC737C1AB9F884002AB067 /* simple_hallway3.png */,
				65FC0E811AC495E800C7E2AD /* TestConstant.swift */,
			);
			name = "Test Supporting Files";
			path = FunctionalTests;
			sourceTree = "<group>";
		};
		65CD08331A84307900F69CEE /* FunctionalTests */ = {
			isa = PBXGroup;
			children = (
				B6200BF2B496B369A4145471 /* InterfaceTests.swift */,
				656841601AC34D59001CE446 /* ImageProcessingTests.swift */,
				65CD08341A84307900F69CEE /* Supporting Files */,
			);
			path = FunctionalTests;
			sourceTree = "<group>";
		};
		65CD08341A84307900F69CEE /* Supporting Files */ = {
			isa = PBXGroup;
			children = (
				65CD08351A84307900F69CEE /* Info.plist */,
			);
			name = "Supporting Files";
			sourceTree = "<group>";
		};
		B62002ADBE88DFED46E3C277 /* UnitTests */ = {
			isa = PBXGroup;
			children = (
				65427FB01A9BC7DC007F5A78 /* FrameTests.swift */,
				652858FE1AA7EA170088FAB8 /* ClusterTests.swift */,
				65B017A21AA0C4430022093A /* GeometryTests.swift */,
				B62006905443123CF96317F0 /* ViewControllerTests.swift */,
				6526DDE11A9E5EEB000A9BC4 /* OpenCVBridgeTests.mm */,
				65B017A71AA0CB4D0022093A /* MathTests.swift */,
				658D2FB51ABB591600C0189F /* LinearAlgebraTests.swift */,
				B6200A320FB2158756E26DAA /* Supporting Files */,
			);
			name = UnitTests;
			path = CorridorTests;
			sourceTree = "<group>";
		};
		B62004A4C67E60B83B111037 /* Supporting Files */ = {
			isa = PBXGroup;
			children = (
				6526DDE41A9E77BD000A9BC4 /* Frameworks */,
				B6200F24372FD8407AB7118E /* Images.xcassets */,
				B6200D7735068F0AA299859A /* LaunchScreen.xib */,
				B62002C8114BEC1EF53BED8C /* AppDelegate.swift */,
				B6200C4532A56D1612549784 /* Info.plist */,
			);
			name = "Supporting Files";
			sourceTree = "<group>";
		};
		B620071A388A3B97847D5EDD /* Corridor */ = {
			isa = PBXGroup;
			children = (
				65427FB31A9BD3BD007F5A78 /* OpenCVBridge */,
				B6200B18786B645286082EA7 /* Main.storyboard */,
				65B017A51AA0CB040022093A /* Math.swift */,
				658D2FB71ABB5AB400C0189F /* LinearAlgebra.swift */,
				65FF0AAA1A9661B000B983AC /* Geometry.swift */,
				652DC1A01A9E458E00B96CC2 /* Constant.swift */,
				65FF0AA61A96559500B983AC /* Frame.swift */,
				652858FA1AA7E3980088FAB8 /* Cluster.swift */,
				B6200DB904BE796D189E21B5 /* ViewController.swift */,
				6538B7CE1AA78951005F054E /* Utility.swift */,
				B62004A4C67E60B83B111037 /* Supporting Files */,
			);
			path = Corridor;
			sourceTree = "<group>";
		};
		B62009788307C0149B5CDD7D /* Products */ = {
			isa = PBXGroup;
			children = (
				B62005C1D4ABEC6AFB8019A3 /* Corridor.app */,
				B620000B1787A71C58E5D7DC /* UnitTests.xctest */,
				65CD08321A84307900F69CEE /* FunctionalTests.xctest */,
			);
			name = Products;
			sourceTree = "<group>";
		};
		B6200A320FB2158756E26DAA /* Supporting Files */ = {
			isa = PBXGroup;
			children = (
				B6200497E7633BCBDB19E89F /* Info.plist */,
			);
			name = "Supporting Files";
			sourceTree = "<group>";
		};
		B6200F5A10EC13F2AC654CBA = {
			isa = PBXGroup;
			children = (
				B620071A388A3B97847D5EDD /* Corridor */,
				B62002ADBE88DFED46E3C277 /* UnitTests */,
				65CD08331A84307900F69CEE /* FunctionalTests */,
				6590B2C71A9508FC000F5194 /* Test Supporting Files */,
				B62009788307C0149B5CDD7D /* Products */,
			);
			sourceTree = "<group>";
		};
/* End PBXGroup section */

/* Begin PBXNativeTarget section */
		65CD08311A84307900F69CEE /* FunctionalTests */ = {
			isa = PBXNativeTarget;
			buildConfigurationList = 65CD083C1A84307900F69CEE /* Build configuration list for PBXNativeTarget "FunctionalTests" */;
			buildPhases = (
				65CD082E1A84307900F69CEE /* Sources */,
				65CD082F1A84307900F69CEE /* Frameworks */,
				65CD08301A84307900F69CEE /* Resources */,
			);
			buildRules = (
			);
			dependencies = (
				65CD08391A84307900F69CEE /* PBXTargetDependency */,
			);
			name = FunctionalTests;
			productName = FunctionalTests;
			productReference = 65CD08321A84307900F69CEE /* FunctionalTests.xctest */;
			productType = "com.apple.product-type.bundle.unit-test";
		};
		B620039F149C03CAA0AAB734 /* Corridor */ = {
			isa = PBXNativeTarget;
			buildConfigurationList = B6200ADF32021C7B85DA32D7 /* Build configuration list for PBXNativeTarget "Corridor" */;
			buildPhases = (
				B620065A3B93081291641243 /* Sources */,
				B6200017BF44A562FBB65EEC /* Frameworks */,
				B6200CD5C3263F272DEFA875 /* Resources */,
			);
			buildRules = (
			);
			dependencies = (
			);
			name = Corridor;
			productName = Corridor;
			productReference = B62005C1D4ABEC6AFB8019A3 /* Corridor.app */;
			productType = "com.apple.product-type.application";
		};
		B620064D901C17E3A6844770 /* UnitTests */ = {
			isa = PBXNativeTarget;
			buildConfigurationList = B6200512AC2F92C0FDB8EBB3 /* Build configuration list for PBXNativeTarget "UnitTests" */;
			buildPhases = (
				B62001D167A621E04E948263 /* Sources */,
				B620041284E6283AF557866E /* Frameworks */,
				B6200B0342B2EE3ADCAF8BF9 /* Resources */,
			);
			buildRules = (
			);
			dependencies = (
				B620034216890A05A56F21C6 /* PBXTargetDependency */,
			);
			name = UnitTests;
			productName = CorridorTests;
			productReference = B620000B1787A71C58E5D7DC /* UnitTests.xctest */;
			productType = "com.apple.product-type.bundle.unit-test";
		};
/* End PBXNativeTarget section */

/* Begin PBXProject section */
		B620087EE76C30476EA1668B /* Project object */ = {
			isa = PBXProject;
			attributes = {
				ORGANIZATIONNAME = "Greg Olmschenk";
				TargetAttributes = {
					65CD08311A84307900F69CEE = {
						CreatedOnToolsVersion = 6.1.1;
						TestTargetID = B620039F149C03CAA0AAB734;
					};
				};
			};
			buildConfigurationList = B6200687B355E817AA7E5B83 /* Build configuration list for PBXProject "Corridor" */;
			compatibilityVersion = "Xcode 3.2";
			developmentRegion = English;
			hasScannedForEncodings = 0;
			knownRegions = (
				en,
			);
			mainGroup = B6200F5A10EC13F2AC654CBA;
			productRefGroup = B62009788307C0149B5CDD7D /* Products */;
			projectDirPath = "";
			projectRoot = "";
			targets = (
				B620039F149C03CAA0AAB734 /* Corridor */,
				B620064D901C17E3A6844770 /* UnitTests */,
				65CD08311A84307900F69CEE /* FunctionalTests */,
			);
		};
/* End PBXProject section */

/* Begin PBXResourcesBuildPhase section */
		65CD08301A84307900F69CEE /* Resources */ = {
			isa = PBXResourcesBuildPhase;
			buildActionMask = 2147483647;
			files = (
				65C6F20B1A93F7EF006AF8A0 /* simple_hallway1.png in Resources */,
				65C6F20A1A93F7EF006AF8A0 /* simple_hallway0.png in Resources */,
				6526DDE01A9E56DB000A9BC4 /* simple_hallway0_canny.png in Resources */,
				65EC737E1AB9F884002AB067 /* simple_hallway3.png in Resources */,
				65C6F20C1A93F7EF006AF8A0 /* simple_hallway2.png in Resources */,
			);
			runOnlyForDeploymentPostprocessing = 0;
		};
		B6200B0342B2EE3ADCAF8BF9 /* Resources */ = {
			isa = PBXResourcesBuildPhase;
			buildActionMask = 2147483647;
			files = (
				6590B2C51A9508E3000F5194 /* simple_hallway1.png in Resources */,
				6590B2C41A9508E3000F5194 /* simple_hallway0.png in Resources */,
				6526DDDF1A9E56DB000A9BC4 /* simple_hallway0_canny.png in Resources */,
				65EC737D1AB9F884002AB067 /* simple_hallway3.png in Resources */,
				6590B2C61A9508E3000F5194 /* simple_hallway2.png in Resources */,
			);
			runOnlyForDeploymentPostprocessing = 0;
		};
		B6200CD5C3263F272DEFA875 /* Resources */ = {
			isa = PBXResourcesBuildPhase;
			buildActionMask = 2147483647;
			files = (
				B620003612EA658256A2119D /* Images.xcassets in Resources */,
				B6200950244C6451453DB08A /* LaunchScreen.xib in Resources */,
				6526DDDE1A9E56DB000A9BC4 /* simple_hallway0_canny.png in Resources */,
				B6200185884840BD8BFD0145 /* Main.storyboard in Resources */,
			);
			runOnlyForDeploymentPostprocessing = 0;
		};
/* End PBXResourcesBuildPhase section */

/* Begin PBXSourcesBuildPhase section */
		65CD082E1A84307900F69CEE /* Sources */ = {
			isa = PBXSourcesBuildPhase;
			buildActionMask = 2147483647;
			files = (
				65FF0AAD1A9661B000B983AC /* Geometry.swift in Sources */,
				652DC1A41A9E4F9200B96CC2 /* Frame.swift in Sources */,
				652DC1A61A9E4F9D00B96CC2 /* Constant.swift in Sources */,
				65B017AA1AA0CBE70022093A /* Math.swift in Sources */,
				6538B7D11AA78951005F054E /* Utility.swift in Sources */,
				652DC1A81A9E4FA100B96CC2 /* OpenCVBridge.mm in Sources */,
				656841611AC34D59001CE446 /* ImageProcessingTests.swift in Sources */,
				65CD083F1A84315300F69CEE /* ViewController.swift in Sources */,
				65CD083D1A84309900F69CEE /* InterfaceTests.swift in Sources */,
				652858FD1AA7E3980088FAB8 /* Cluster.swift in Sources */,
				658D2FBA1ABB5AB400C0189F /* LinearAlgebra.swift in Sources */,
				65FC0E831AC495E800C7E2AD /* TestConstant.swift in Sources */,
			);
			runOnlyForDeploymentPostprocessing = 0;
		};
		B62001D167A621E04E948263 /* Sources */ = {
			isa = PBXSourcesBuildPhase;
			buildActionMask = 2147483647;
			files = (
				658D2FB61ABB591600C0189F /* LinearAlgebraTests.swift in Sources */,
				65FF0AAC1A9661B000B983AC /* Geometry.swift in Sources */,
				652858FC1AA7E3980088FAB8 /* Cluster.swift in Sources */,
				652858FF1AA7EA170088FAB8 /* ClusterTests.swift in Sources */,
				65B017A81AA0CB4D0022093A /* MathTests.swift in Sources */,
				65B017A91AA0CBE70022093A /* Math.swift in Sources */,
				6526DDE21A9E5EEB000A9BC4 /* OpenCVBridgeTests.mm in Sources */,
				658D2FB91ABB5AB400C0189F /* LinearAlgebra.swift in Sources */,
				65427FB21A9BC7DC007F5A78 /* FrameTests.swift in Sources */,
				658A7FCB1A7BFEFF00832AE3 /* ViewController.swift in Sources */,
				B6200F13CAE9D8D558DAD44D /* ViewControllerTests.swift in Sources */,
				65FC0E821AC495E800C7E2AD /* TestConstant.swift in Sources */,
				652DC1A51A9E4F9300B96CC2 /* Frame.swift in Sources */,
				6538B7D01AA78951005F054E /* Utility.swift in Sources */,
				652DC1A71A9E4F9D00B96CC2 /* Constant.swift in Sources */,
				65B017A41AA0C4880022093A /* GeometryTests.swift in Sources */,
				652DC1A91A9E4FA200B96CC2 /* OpenCVBridge.mm in Sources */,
			);
			runOnlyForDeploymentPostprocessing = 0;
		};
		B620065A3B93081291641243 /* Sources */ = {
			isa = PBXSourcesBuildPhase;
			buildActionMask = 2147483647;
			files = (
				65FF0AAB1A9661B000B983AC /* Geometry.swift in Sources */,
				65FF0AA71A96559500B983AC /* Frame.swift in Sources */,
				B6200C5476A53A6A9F1B3556 /* AppDelegate.swift in Sources */,
				65B017A61AA0CB040022093A /* Math.swift in Sources */,
				6538B7CF1AA78951005F054E /* Utility.swift in Sources */,
				B62007070CD5A95E8359074B /* ViewController.swift in Sources */,
				65738D9B1A9C13FC00501DFF /* OpenCVBridge.mm in Sources */,
				652DC1A11A9E458E00B96CC2 /* Constant.swift in Sources */,
				652858FB1AA7E3980088FAB8 /* Cluster.swift in Sources */,
				658D2FB81ABB5AB400C0189F /* LinearAlgebra.swift in Sources */,
			);
			runOnlyForDeploymentPostprocessing = 0;
		};
/* End PBXSourcesBuildPhase section */

/* Begin PBXTargetDependency section */
		65CD08391A84307900F69CEE /* PBXTargetDependency */ = {
			isa = PBXTargetDependency;
			target = B620039F149C03CAA0AAB734 /* Corridor */;
			targetProxy = 65CD08381A84307900F69CEE /* PBXContainerItemProxy */;
		};
		B620034216890A05A56F21C6 /* PBXTargetDependency */ = {
			isa = PBXTargetDependency;
			target = B620039F149C03CAA0AAB734 /* Corridor */;
			targetProxy = B6200A5E4A3F9F02B386CF0D /* PBXContainerItemProxy */;
		};
/* End PBXTargetDependency section */

/* Begin PBXVariantGroup section */
		B6200B18786B645286082EA7 /* Main.storyboard */ = {
			isa = PBXVariantGroup;
			children = (
				B6200BDE46FE292FC51AD57C /* Base */,
			);
			name = Main.storyboard;
			sourceTree = "<group>";
		};
		B6200D7735068F0AA299859A /* LaunchScreen.xib */ = {
			isa = PBXVariantGroup;
			children = (
				B62001DAA6F7897D86767429 /* Base */,
			);
			name = LaunchScreen.xib;
			sourceTree = "<group>";
		};
/* End PBXVariantGroup section */

/* Begin XCBuildConfiguration section */
		65CD083A1A84307900F69CEE /* Debug */ = {
			isa = XCBuildConfiguration;
			buildSettings = {
				BUNDLE_LOADER = "$(TEST_HOST)";
				FRAMEWORK_SEARCH_PATHS = (
					"$(SDKROOT)/Developer/Library/Frameworks",
					"$(inherited)",
					/Users/golmschenk/Code/3rdparty/OpenCV,
				);
				GCC_PREPROCESSOR_DEFINITIONS = (
					"DEBUG=1",
					"$(inherited)",
				);
				HEADER_SEARCH_PATHS = (
					"$(inherited)",
					/Applications/Xcode.app/Contents/Developer/Toolchains/XcodeDefault.xctoolchain/usr/include,
					"$(TARGET_TEMP_DIR)/../$(PROJECT_NAME).build/DerivedSources",
				);
				INFOPLIST_FILE = FunctionalTests/Info.plist;
				LD_RUNPATH_SEARCH_PATHS = "$(inherited) @executable_path/Frameworks @loader_path/Frameworks";
				PRODUCT_NAME = "$(TARGET_NAME)";
				SWIFT_OBJC_BRIDGING_HEADER = "Corridor/Corridor-Bridging-Header.h";
				TEST_HOST = "$(BUILT_PRODUCTS_DIR)/Corridor.app/Corridor";
			};
			name = Debug;
		};
		65CD083B1A84307900F69CEE /* Release */ = {
			isa = XCBuildConfiguration;
			buildSettings = {
				BUNDLE_LOADER = "$(TEST_HOST)";
				FRAMEWORK_SEARCH_PATHS = (
					"$(SDKROOT)/Developer/Library/Frameworks",
					"$(inherited)",
					/Users/golmschenk/Code/3rdparty/OpenCV,
				);
				HEADER_SEARCH_PATHS = (
					"$(inherited)",
					/Applications/Xcode.app/Contents/Developer/Toolchains/XcodeDefault.xctoolchain/usr/include,
					"$(TARGET_TEMP_DIR)/../$(PROJECT_NAME).build/DerivedSources",
				);
				INFOPLIST_FILE = FunctionalTests/Info.plist;
				LD_RUNPATH_SEARCH_PATHS = "$(inherited) @executable_path/Frameworks @loader_path/Frameworks";
				PRODUCT_NAME = "$(TARGET_NAME)";
				SWIFT_OBJC_BRIDGING_HEADER = "Corridor/Corridor-Bridging-Header.h";
				TEST_HOST = "$(BUILT_PRODUCTS_DIR)/Corridor.app/Corridor";
			};
			name = Release;
		};
		B620038691842BC7A4C1FBC0 /* Debug */ = {
			isa = XCBuildConfiguration;
			buildSettings = {
				ALWAYS_SEARCH_USER_PATHS = NO;
				CLANG_CXX_LANGUAGE_STANDARD = "gnu++0x";
				CLANG_CXX_LIBRARY = "libc++";
				CLANG_ENABLE_MODULES = YES;
				CLANG_ENABLE_OBJC_ARC = YES;
				CLANG_WARN_BOOL_CONVERSION = YES;
				CLANG_WARN_CONSTANT_CONVERSION = YES;
				CLANG_WARN_DIRECT_OBJC_ISA_USAGE = YES_ERROR;
				CLANG_WARN_EMPTY_BODY = YES;
				CLANG_WARN_ENUM_CONVERSION = YES;
				CLANG_WARN_INT_CONVERSION = YES;
				CLANG_WARN_OBJC_ROOT_CLASS = YES_ERROR;
				CLANG_WARN_UNREACHABLE_CODE = YES;
				CLANG_WARN__DUPLICATE_METHOD_MATCH = YES;
				"CODE_SIGN_IDENTITY[sdk=iphoneos*]" = "iPhone Developer";
				COPY_PHASE_STRIP = NO;
				DEFINES_MODULE = YES;
				ENABLE_STRICT_OBJC_MSGSEND = YES;
				GCC_C_LANGUAGE_STANDARD = gnu99;
				GCC_DYNAMIC_NO_PIC = NO;
				GCC_OPTIMIZATION_LEVEL = 0;
				GCC_PREPROCESSOR_DEFINITIONS = (
					"DEBUG=1",
					"$(inherited)",
				);
				GCC_SYMBOLS_PRIVATE_EXTERN = NO;
				GCC_WARN_64_TO_32_BIT_CONVERSION = YES;
				GCC_WARN_ABOUT_RETURN_TYPE = YES_ERROR;
				GCC_WARN_UNDECLARED_SELECTOR = YES;
				GCC_WARN_UNINITIALIZED_AUTOS = YES_AGGRESSIVE;
				GCC_WARN_UNUSED_FUNCTION = YES;
				GCC_WARN_UNUSED_VARIABLE = YES;
				IPHONEOS_DEPLOYMENT_TARGET = 8.1;
				MTL_ENABLE_DEBUG_INFO = YES;
				ONLY_ACTIVE_ARCH = YES;
				SDKROOT = iphoneos;
				SWIFT_OPTIMIZATION_LEVEL = "-Onone";
				TARGETED_DEVICE_FAMILY = "1,2";
			};
			name = Debug;
		};
		B620088466A0EB044C6435CE /* Release */ = {
			isa = XCBuildConfiguration;
			buildSettings = {
				ALWAYS_SEARCH_USER_PATHS = NO;
				CLANG_CXX_LANGUAGE_STANDARD = "gnu++0x";
				CLANG_CXX_LIBRARY = "libc++";
				CLANG_ENABLE_MODULES = YES;
				CLANG_ENABLE_OBJC_ARC = YES;
				CLANG_WARN_BOOL_CONVERSION = YES;
				CLANG_WARN_CONSTANT_CONVERSION = YES;
				CLANG_WARN_DIRECT_OBJC_ISA_USAGE = YES_ERROR;
				CLANG_WARN_EMPTY_BODY = YES;
				CLANG_WARN_ENUM_CONVERSION = YES;
				CLANG_WARN_INT_CONVERSION = YES;
				CLANG_WARN_OBJC_ROOT_CLASS = YES_ERROR;
				CLANG_WARN_UNREACHABLE_CODE = YES;
				CLANG_WARN__DUPLICATE_METHOD_MATCH = YES;
				"CODE_SIGN_IDENTITY[sdk=iphoneos*]" = "iPhone Developer";
				COPY_PHASE_STRIP = YES;
				DEFINES_MODULE = YES;
				ENABLE_NS_ASSERTIONS = NO;
				ENABLE_STRICT_OBJC_MSGSEND = YES;
				GCC_C_LANGUAGE_STANDARD = gnu99;
				GCC_WARN_64_TO_32_BIT_CONVERSION = YES;
				GCC_WARN_ABOUT_RETURN_TYPE = YES_ERROR;
				GCC_WARN_UNDECLARED_SELECTOR = YES;
				GCC_WARN_UNINITIALIZED_AUTOS = YES_AGGRESSIVE;
				GCC_WARN_UNUSED_FUNCTION = YES;
				GCC_WARN_UNUSED_VARIABLE = YES;
				IPHONEOS_DEPLOYMENT_TARGET = 8.1;
				MTL_ENABLE_DEBUG_INFO = NO;
				SDKROOT = iphoneos;
				TARGETED_DEVICE_FAMILY = "1,2";
				VALIDATE_PRODUCT = YES;
			};
			name = Release;
		};
		B6200906DDB1E5DA5D3B0C9A /* Debug */ = {
			isa = XCBuildConfiguration;
			buildSettings = {
				BUNDLE_LOADER = "$(BUILT_PRODUCTS_DIR)/Corridor.app/Corridor";
				CLANG_ENABLE_MODULES = YES;
				FRAMEWORK_SEARCH_PATHS = (
					"$(SDKROOT)/Developer/Library/Frameworks",
					"$(inherited)",
					/Users/golmschenk/Code/3rdparty/OpenCV,
				);
				HEADER_SEARCH_PATHS = (
					"$(inherited)",
					/Applications/Xcode.app/Contents/Developer/Toolchains/XcodeDefault.xctoolchain/usr/include,
					"$(TARGET_TEMP_DIR)/../$(PROJECT_NAME).build/DerivedSources",
				);
				INFOPLIST_FILE = CorridorTests/Info.plist;
				LD_RUNPATH_SEARCH_PATHS = "$(inherited) @executable_path/Frameworks @loader_path/Frameworks";
				PRODUCT_NAME = "$(TARGET_NAME)";
				SWIFT_OBJC_BRIDGING_HEADER = "Corridor/Corridor-Bridging-Header.h";
				SWIFT_OPTIMIZATION_LEVEL = "-Onone";
				TEST_HOST = "$(BUNDLE_LOADER)";
			};
			name = Debug;
		};
		B62009FCDC0666D4322FCA70 /* Debug */ = {
			isa = XCBuildConfiguration;
			buildSettings = {
				ASSETCATALOG_COMPILER_APPICON_NAME = AppIcon;
				CLANG_ENABLE_MODULES = YES;
				DEFINES_MODULE = YES;
				FRAMEWORK_SEARCH_PATHS = (
					"$(inherited)",
					/Users/golmschenk/Code/3rdparty/OpenCV,
				);
				INFOPLIST_FILE = Corridor/Info.plist;
				LD_RUNPATH_SEARCH_PATHS = "$(inherited) @executable_path/Frameworks";
				PRODUCT_NAME = "$(TARGET_NAME)";
				SWIFT_OBJC_BRIDGING_HEADER = "Corridor/Corridor-Bridging-Header.h";
				SWIFT_OPTIMIZATION_LEVEL = "-Onone";
			};
			name = Debug;
		};
		B6200C26386C54368EC4B4CD /* Release */ = {
			isa = XCBuildConfiguration;
			buildSettings = {
				ASSETCATALOG_COMPILER_APPICON_NAME = AppIcon;
				CLANG_ENABLE_MODULES = YES;
				DEFINES_MODULE = YES;
				FRAMEWORK_SEARCH_PATHS = (
					"$(inherited)",
					/Users/golmschenk/Code/3rdparty/OpenCV,
				);
				INFOPLIST_FILE = Corridor/Info.plist;
				LD_RUNPATH_SEARCH_PATHS = "$(inherited) @executable_path/Frameworks";
				PRODUCT_NAME = "$(TARGET_NAME)";
				SWIFT_OBJC_BRIDGING_HEADER = "Corridor/Corridor-Bridging-Header.h";
			};
			name = Release;
		};
		B6200D0B12C4908947A9E362 /* Release */ = {
			isa = XCBuildConfiguration;
			buildSettings = {
				BUNDLE_LOADER = "$(BUILT_PRODUCTS_DIR)/Corridor.app/Corridor";
				CLANG_ENABLE_MODULES = YES;
				FRAMEWORK_SEARCH_PATHS = (
					"$(SDKROOT)/Developer/Library/Frameworks",
					"$(inherited)",
					/Users/golmschenk/Code/3rdparty/OpenCV,
				);
				HEADER_SEARCH_PATHS = (
					"$(inherited)",
					/Applications/Xcode.app/Contents/Developer/Toolchains/XcodeDefault.xctoolchain/usr/include,
					"$(TARGET_TEMP_DIR)/../$(PROJECT_NAME).build/DerivedSources",
				);
				INFOPLIST_FILE = CorridorTests/Info.plist;
				LD_RUNPATH_SEARCH_PATHS = "$(inherited) @executable_path/Frameworks @loader_path/Frameworks";
				PRODUCT_NAME = "$(TARGET_NAME)";
				SWIFT_OBJC_BRIDGING_HEADER = "Corridor/Corridor-Bridging-Header.h";
				TEST_HOST = "$(BUNDLE_LOADER)";
			};
			name = Release;
		};
/* End XCBuildConfiguration section */

/* Begin XCConfigurationList section */
		65CD083C1A84307900F69CEE /* Build configuration list for PBXNativeTarget "FunctionalTests" */ = {
			isa = XCConfigurationList;
			buildConfigurations = (
				65CD083A1A84307900F69CEE /* Debug */,
				65CD083B1A84307900F69CEE /* Release */,
			);
			defaultConfigurationIsVisible = 0;
			defaultConfigurationName = Release;
		};
		B6200512AC2F92C0FDB8EBB3 /* Build configuration list for PBXNativeTarget "UnitTests" */ = {
			isa = XCConfigurationList;
			buildConfigurations = (
				B6200906DDB1E5DA5D3B0C9A /* Debug */,
				B6200D0B12C4908947A9E362 /* Release */,
			);
			defaultConfigurationIsVisible = 0;
			defaultConfigurationName = Release;
		};
		B6200687B355E817AA7E5B83 /* Build configuration list for PBXProject "Corridor" */ = {
			isa = XCConfigurationList;
			buildConfigurations = (
				B620038691842BC7A4C1FBC0 /* Debug */,
				B620088466A0EB044C6435CE /* Release */,
			);
			defaultConfigurationIsVisible = 0;
			defaultConfigurationName = Release;
		};
		B6200ADF32021C7B85DA32D7 /* Build configuration list for PBXNativeTarget "Corridor" */ = {
			isa = XCConfigurationList;
			buildConfigurations = (
				B62009FCDC0666D4322FCA70 /* Debug */,
				B6200C26386C54368EC4B4CD /* Release */,
			);
			defaultConfigurationIsVisible = 0;
			defaultConfigurationName = Release;
		};
/* End XCConfigurationList section */
	};
	rootObject = B620087EE76C30476EA1668B /* Project object */;
}
